
Microsoft Visual Studio Solution File, Format Version 12.00
# Visual Studio Version 16
VisualStudioVersion = 16.0.33423.256
MinimumVisualStudioVersion = 10.0.40219.1
Project("{9A19103F-16F7-4668-BE54-9A1E7A4F7556}") = "QuizBL", "src\QuizBL\QuizBL.csproj", "{BF6420B6-809D-4934-A47A-0C6BC82CC212}"
EndProject
Project("{9A19103F-16F7-4668-BE54-9A1E7A4F7556}") = "BotTelegram", "src\BotTelegram\BotTelegram.csproj", "{8789588A-4199-4307-B9B0-F57C2717B87C}"
EndProject
Project("{9A19103F-16F7-4668-BE54-9A1E7A4F7556}") = "VkontakteBot", "src\VkontakteBot\VkontakteBot.csproj", "{B18B6D7A-00CA-4286-872D-C041EFED6B5B}"
EndProject
Global
	GlobalSection(SolutionConfigurationPlatforms) = preSolution
		Debug|Any CPU = Debug|Any CPU
		Release|Any CPU = Release|Any CPU
	EndGlobalSection
	GlobalSection(ProjectConfigurationPlatforms) = postSolution
		{BF6420B6-809D-4934-A47A-0C6BC82CC212}.Debug|Any CPU.ActiveCfg = Debug|Any CPU
		{BF6420B6-809D-4934-A47A-0C6BC82CC212}.Debug|Any CPU.Build.0 = Debug|Any CPU
		{BF6420B6-809D-4934-A47A-0C6BC82CC212}.Release|Any CPU.ActiveCfg = Release|Any CPU
		{BF6420B6-809D-4934-A47A-0C6BC82CC212}.Release|Any CPU.Build.0 = Release|Any CPU
		{8789588A-4199-4307-B9B0-F57C2717B87C}.Debug|Any CPU.ActiveCfg = Debug|Any CPU
		{8789588A-4199-4307-B9B0-F57C2717B87C}.Debug|Any CPU.Build.0 = Debug|Any CPU
		{8789588A-4199-4307-B9B0-F57C2717B87C}.Release|Any CPU.ActiveCfg = Release|Any CPU
		{8789588A-4199-4307-B9B0-F57C2717B87C}.Release|Any CPU.Build.0 = Release|Any CPU
		{B18B6D7A-00CA-4286-872D-C041EFED6B5B}.Debug|Any CPU.ActiveCfg = Debug|Any CPU
		{B18B6D7A-00CA-4286-872D-C041EFED6B5B}.Debug|Any CPU.Build.0 = Debug|Any CPU
		{B18B6D7A-00CA-4286-872D-C041EFED6B5B}.Release|Any CPU.ActiveCfg = Release|Any CPU
		{B18B6D7A-00CA-4286-872D-C041EFED6B5B}.Release|Any CPU.Build.0 = Release|Any CPU
	EndGlobalSection
	GlobalSection(SolutionProperties) = preSolution
		HideSolutionNode = FALSE
	EndGlobalSection
	GlobalSection(ExtensibilityGlobals) = postSolution
		SolutionGuid = {B4173C46-4246-458B-9427-4D79E2888E66}
	EndGlobalSection
EndGlobal
